// !$*UTF8*$!
{
	archiveVersion = 1;
	classes = {
	};
	objectVersion = 56;
	objects = {

/* Begin PBXBuildFile section */
		DB2115EE2CE71723008C237C /* SplashScreen.swift in Sources */ = {isa = PBXBuildFile; fileRef = DB2115ED2CE71723008C237C /* SplashScreen.swift */; };
		DB2115F02CE71A50008C237C /* GoogleService-Info.plist in Resources */ = {isa = PBXBuildFile; fileRef = DB2115EF2CE71A50008C237C /* GoogleService-Info.plist */; };
		DB2115F32CE71BA9008C237C /* FirebaseAuth in Frameworks */ = {isa = PBXBuildFile; productRef = DB2115F22CE71BA9008C237C /* FirebaseAuth */; };
		DB2115F52CE71BA9008C237C /* FirebaseCore in Frameworks */ = {isa = PBXBuildFile; productRef = DB2115F42CE71BA9008C237C /* FirebaseCore */; };
		DB2115F72CE71BA9008C237C /* FirebaseDatabase in Frameworks */ = {isa = PBXBuildFile; productRef = DB2115F62CE71BA9008C237C /* FirebaseDatabase */; };
		DB2115F92CE71BA9008C237C /* FirebaseFirestore in Frameworks */ = {isa = PBXBuildFile; productRef = DB2115F82CE71BA9008C237C /* FirebaseFirestore */; };
		DB2115FB2CE71BA9008C237C /* FirebaseStorage in Frameworks */ = {isa = PBXBuildFile; productRef = DB2115FA2CE71BA9008C237C /* FirebaseStorage */; };
		DB32CCEE2CB558F900AB5887 /* ArticleDetailView.swift in Sources */ = {isa = PBXBuildFile; fileRef = DB32CCED2CB558F900AB5887 /* ArticleDetailView.swift */; };
		DB32CCF02CB5725800AB5887 /* Author.swift in Sources */ = {isa = PBXBuildFile; fileRef = DB32CCEF2CB5725800AB5887 /* Author.swift */; };
		DB32CCF22CB5861D00AB5887 /* Date.swift in Sources */ = {isa = PBXBuildFile; fileRef = DB32CCF12CB5861D00AB5887 /* Date.swift */; };
		DB615D3F2CAF332F00CD1813 /* KathaApp.swift in Sources */ = {isa = PBXBuildFile; fileRef = DB615D3E2CAF332F00CD1813 /* KathaApp.swift */; };
		DB615D412CAF332F00CD1813 /* ContentView.swift in Sources */ = {isa = PBXBuildFile; fileRef = DB615D402CAF332F00CD1813 /* ContentView.swift */; };
		DB615D432CAF333000CD1813 /* Assets.xcassets in Resources */ = {isa = PBXBuildFile; fileRef = DB615D422CAF333000CD1813 /* Assets.xcassets */; };
		DB615D462CAF333000CD1813 /* Preview Assets.xcassets in Resources */ = {isa = PBXBuildFile; fileRef = DB615D452CAF333000CD1813 /* Preview Assets.xcassets */; };
		DB77EF8B2CF3BC0B0071F6BC /* AuthService.swift in Sources */ = {isa = PBXBuildFile; fileRef = DB77EF8A2CF3BC0B0071F6BC /* AuthService.swift */; };
		DB77EF8E2CF3C0DB0071F6BC /* AuthError.swift in Sources */ = {isa = PBXBuildFile; fileRef = DB77EF8D2CF3C0DB0071F6BC /* AuthError.swift */; };
		DB77EF922CF3C5340071F6BC /* HeaderView.swift in Sources */ = {isa = PBXBuildFile; fileRef = DB77EF912CF3C5340071F6BC /* HeaderView.swift */; };
		DB77EF942CF3C5520071F6BC /* TermsView.swift in Sources */ = {isa = PBXBuildFile; fileRef = DB77EF932CF3C5520071F6BC /* TermsView.swift */; };
		DB77EF962CF3C5640071F6BC /* LoginForm.swift in Sources */ = {isa = PBXBuildFile; fileRef = DB77EF952CF3C5640071F6BC /* LoginForm.swift */; };
		DB77EF982CF3C5770071F6BC /* RegistrationForm.swift in Sources */ = {isa = PBXBuildFile; fileRef = DB77EF972CF3C5770071F6BC /* RegistrationForm.swift */; };
		DB77EF9A2CF3C62C0071F6BC /* BackButton.swift in Sources */ = {isa = PBXBuildFile; fileRef = DB77EF992CF3C62C0071F6BC /* BackButton.swift */; };
		DB77EF9C2CF3CA920071F6BC /* User.swift in Sources */ = {isa = PBXBuildFile; fileRef = DB77EF9B2CF3CA920071F6BC /* User.swift */; };
		DB7EDDB02CB04D5600556006 /* Article.swift in Sources */ = {isa = PBXBuildFile; fileRef = DB7EDDAF2CB04D5600556006 /* Article.swift */; };
		DB8BF9E92CF2EE2800622F5F /* CustomSecureField.swift in Sources */ = {isa = PBXBuildFile; fileRef = DB8BF9E82CF2EE2800622F5F /* CustomSecureField.swift */; };
		DBFABEC92CAF373C006ABECA /* AuthView.swift in Sources */ = {isa = PBXBuildFile; fileRef = DBFABEC82CAF373C006ABECA /* AuthView.swift */; };
		DBFABED02CAF435E006ABECA /* PlayfairDisplay-Bold.ttf in Resources */ = {isa = PBXBuildFile; fileRef = DBFABECD2CAF435E006ABECA /* PlayfairDisplay-Bold.ttf */; };
		DBFABED12CAF435E006ABECA /* PlayfairDisplay-Medium.ttf in Resources */ = {isa = PBXBuildFile; fileRef = DBFABECE2CAF435E006ABECA /* PlayfairDisplay-Medium.ttf */; };
		DBFABED22CAF435E006ABECA /* PlayfairDisplay-Regular.ttf in Resources */ = {isa = PBXBuildFile; fileRef = DBFABECF2CAF435E006ABECA /* PlayfairDisplay-Regular.ttf */; };
		DBFABED62CAF441C006ABECA /* Poppins-Bold.ttf in Resources */ = {isa = PBXBuildFile; fileRef = DBFABED32CAF441C006ABECA /* Poppins-Bold.ttf */; };
		DBFABED72CAF441C006ABECA /* Poppins-Regular.ttf in Resources */ = {isa = PBXBuildFile; fileRef = DBFABED42CAF441C006ABECA /* Poppins-Regular.ttf */; };
		DBFABED82CAF441C006ABECA /* Poppins-Medium.ttf in Resources */ = {isa = PBXBuildFile; fileRef = DBFABED52CAF441C006ABECA /* Poppins-Medium.ttf */; };
		DBFABEDB2CAF4476006ABECA /* Color.swift in Sources */ = {isa = PBXBuildFile; fileRef = DBFABEDA2CAF4476006ABECA /* Color.swift */; };
		DBFABEDD2CAF454C006ABECA /* Font.swift in Sources */ = {isa = PBXBuildFile; fileRef = DBFABEDC2CAF454C006ABECA /* Font.swift */; };
		DBFABEE12CAFBEF1006ABECA /* AuthViewModel.swift in Sources */ = {isa = PBXBuildFile; fileRef = DBFABEE02CAFBEF1006ABECA /* AuthViewModel.swift */; };
		DBFABEE32CAFC48A006ABECA /* RegistrationView.swift in Sources */ = {isa = PBXBuildFile; fileRef = DBFABEE22CAFC48A006ABECA /* RegistrationView.swift */; };
		DBFABEE52CAFC633006ABECA /* RegistrationViewModel.swift in Sources */ = {isa = PBXBuildFile; fileRef = DBFABEE42CAFC633006ABECA /* RegistrationViewModel.swift */; };
		DBFABEE82CAFE13E006ABECA /* CustomLoginCard.swift in Sources */ = {isa = PBXBuildFile; fileRef = DBFABEE72CAFE13E006ABECA /* CustomLoginCard.swift */; };
		DBFABEEA2CAFE2FC006ABECA /* CustomButton.swift in Sources */ = {isa = PBXBuildFile; fileRef = DBFABEE92CAFE2FC006ABECA /* CustomButton.swift */; };
		DBFABEEC2CAFE39F006ABECA /* CustomTextField.swift in Sources */ = {isa = PBXBuildFile; fileRef = DBFABEEB2CAFE39F006ABECA /* CustomTextField.swift */; };
		DBFABEEE2CAFE756006ABECA /* LoginView.swift in Sources */ = {isa = PBXBuildFile; fileRef = DBFABEED2CAFE756006ABECA /* LoginView.swift */; };
		DBFABEF02CAFE964006ABECA /* LoginViewModel.swift in Sources */ = {isa = PBXBuildFile; fileRef = DBFABEEF2CAFE964006ABECA /* LoginViewModel.swift */; };
		DBFABEF22CB012CF006ABECA /* MainTabView.swift in Sources */ = {isa = PBXBuildFile; fileRef = DBFABEF12CB012CF006ABECA /* MainTabView.swift */; };
		DBFABEF42CB013F3006ABECA /* HomeView.swift in Sources */ = {isa = PBXBuildFile; fileRef = DBFABEF32CB013F3006ABECA /* HomeView.swift */; };
		DBFABEF62CB01690006ABECA /* ExploreView.swift in Sources */ = {isa = PBXBuildFile; fileRef = DBFABEF52CB01690006ABECA /* ExploreView.swift */; };
		DBFABEF82CB016CE006ABECA /* LibraryView.swift in Sources */ = {isa = PBXBuildFile; fileRef = DBFABEF72CB016CE006ABECA /* LibraryView.swift */; };
		DBFABEFA2CB0179E006ABECA /* ProfileView.swift in Sources */ = {isa = PBXBuildFile; fileRef = DBFABEF92CB0179E006ABECA /* ProfileView.swift */; };
		DBFABEFC2CB02D72006ABECA /* CustomArticleCard.swift in Sources */ = {isa = PBXBuildFile; fileRef = DBFABEFB2CB02D72006ABECA /* CustomArticleCard.swift */; };
/* End PBXBuildFile section */

/* Begin PBXFileReference section */
		DB2115ED2CE71723008C237C /* SplashScreen.swift */ = {isa = PBXFileReference; lastKnownFileType = sourcecode.swift; path = SplashScreen.swift; sourceTree = "<group>"; };
		DB2115EF2CE71A50008C237C /* GoogleService-Info.plist */ = {isa = PBXFileReference; fileEncoding = 4; lastKnownFileType = text.plist.xml; path = "GoogleService-Info.plist"; sourceTree = "<group>"; };
		DB32CCED2CB558F900AB5887 /* ArticleDetailView.swift */ = {isa = PBXFileReference; lastKnownFileType = sourcecode.swift; path = ArticleDetailView.swift; sourceTree = "<group>"; };
		DB32CCEF2CB5725800AB5887 /* Author.swift */ = {isa = PBXFileReference; lastKnownFileType = sourcecode.swift; path = Author.swift; sourceTree = "<group>"; };
		DB32CCF12CB5861D00AB5887 /* Date.swift */ = {isa = PBXFileReference; lastKnownFileType = sourcecode.swift; path = Date.swift; sourceTree = "<group>"; };
		DB615D3B2CAF332F00CD1813 /* Katha.app */ = {isa = PBXFileReference; explicitFileType = wrapper.application; includeInIndex = 0; path = Katha.app; sourceTree = BUILT_PRODUCTS_DIR; };
		DB615D3E2CAF332F00CD1813 /* KathaApp.swift */ = {isa = PBXFileReference; lastKnownFileType = sourcecode.swift; path = KathaApp.swift; sourceTree = "<group>"; };
		DB615D402CAF332F00CD1813 /* ContentView.swift */ = {isa = PBXFileReference; lastKnownFileType = sourcecode.swift; path = ContentView.swift; sourceTree = "<group>"; };
		DB615D422CAF333000CD1813 /* Assets.xcassets */ = {isa = PBXFileReference; lastKnownFileType = folder.assetcatalog; path = Assets.xcassets; sourceTree = "<group>"; };
		DB615D452CAF333000CD1813 /* Preview Assets.xcassets */ = {isa = PBXFileReference; lastKnownFileType = folder.assetcatalog; path = "Preview Assets.xcassets"; sourceTree = "<group>"; };
		DB77EF8A2CF3BC0B0071F6BC /* AuthService.swift */ = {isa = PBXFileReference; lastKnownFileType = sourcecode.swift; path = AuthService.swift; sourceTree = "<group>"; };
		DB77EF8D2CF3C0DB0071F6BC /* AuthError.swift */ = {isa = PBXFileReference; lastKnownFileType = sourcecode.swift; path = AuthError.swift; sourceTree = "<group>"; };
		DB77EF912CF3C5340071F6BC /* HeaderView.swift */ = {isa = PBXFileReference; lastKnownFileType = sourcecode.swift; path = HeaderView.swift; sourceTree = "<group>"; };
		DB77EF932CF3C5520071F6BC /* TermsView.swift */ = {isa = PBXFileReference; lastKnownFileType = sourcecode.swift; path = TermsView.swift; sourceTree = "<group>"; };
		DB77EF952CF3C5640071F6BC /* LoginForm.swift */ = {isa = PBXFileReference; lastKnownFileType = sourcecode.swift; path = LoginForm.swift; sourceTree = "<group>"; };
		DB77EF972CF3C5770071F6BC /* RegistrationForm.swift */ = {isa = PBXFileReference; lastKnownFileType = sourcecode.swift; path = RegistrationForm.swift; sourceTree = "<group>"; };
		DB77EF992CF3C62C0071F6BC /* BackButton.swift */ = {isa = PBXFileReference; lastKnownFileType = sourcecode.swift; path = BackButton.swift; sourceTree = "<group>"; };
		DB77EF9B2CF3CA920071F6BC /* User.swift */ = {isa = PBXFileReference; lastKnownFileType = sourcecode.swift; path = User.swift; sourceTree = "<group>"; };
		DB7EDDAF2CB04D5600556006 /* Article.swift */ = {isa = PBXFileReference; lastKnownFileType = sourcecode.swift; path = Article.swift; sourceTree = "<group>"; };
		DB8BF9E82CF2EE2800622F5F /* CustomSecureField.swift */ = {isa = PBXFileReference; lastKnownFileType = sourcecode.swift; path = CustomSecureField.swift; sourceTree = "<group>"; };
		DBFABEC82CAF373C006ABECA /* AuthView.swift */ = {isa = PBXFileReference; lastKnownFileType = sourcecode.swift; path = AuthView.swift; sourceTree = "<group>"; };
		DBFABECC2CAF4263006ABECA /* Info.plist */ = {isa = PBXFileReference; lastKnownFileType = text.plist.xml; path = Info.plist; sourceTree = "<group>"; };
		DBFABECD2CAF435E006ABECA /* PlayfairDisplay-Bold.ttf */ = {isa = PBXFileReference; lastKnownFileType = file; path = "PlayfairDisplay-Bold.ttf"; sourceTree = "<group>"; };
		DBFABECE2CAF435E006ABECA /* PlayfairDisplay-Medium.ttf */ = {isa = PBXFileReference; lastKnownFileType = file; path = "PlayfairDisplay-Medium.ttf"; sourceTree = "<group>"; };
		DBFABECF2CAF435E006ABECA /* PlayfairDisplay-Regular.ttf */ = {isa = PBXFileReference; lastKnownFileType = file; path = "PlayfairDisplay-Regular.ttf"; sourceTree = "<group>"; };
		DBFABED32CAF441C006ABECA /* Poppins-Bold.ttf */ = {isa = PBXFileReference; lastKnownFileType = file; path = "Poppins-Bold.ttf"; sourceTree = "<group>"; };
		DBFABED42CAF441C006ABECA /* Poppins-Regular.ttf */ = {isa = PBXFileReference; lastKnownFileType = file; path = "Poppins-Regular.ttf"; sourceTree = "<group>"; };
		DBFABED52CAF441C006ABECA /* Poppins-Medium.ttf */ = {isa = PBXFileReference; lastKnownFileType = file; path = "Poppins-Medium.ttf"; sourceTree = "<group>"; };
		DBFABEDA2CAF4476006ABECA /* Color.swift */ = {isa = PBXFileReference; lastKnownFileType = sourcecode.swift; path = Color.swift; sourceTree = "<group>"; };
		DBFABEDC2CAF454C006ABECA /* Font.swift */ = {isa = PBXFileReference; lastKnownFileType = sourcecode.swift; path = Font.swift; sourceTree = "<group>"; };
		DBFABEE02CAFBEF1006ABECA /* AuthViewModel.swift */ = {isa = PBXFileReference; lastKnownFileType = sourcecode.swift; path = AuthViewModel.swift; sourceTree = "<group>"; };
		DBFABEE22CAFC48A006ABECA /* RegistrationView.swift */ = {isa = PBXFileReference; lastKnownFileType = sourcecode.swift; path = RegistrationView.swift; sourceTree = "<group>"; };
		DBFABEE42CAFC633006ABECA /* RegistrationViewModel.swift */ = {isa = PBXFileReference; lastKnownFileType = sourcecode.swift; path = RegistrationViewModel.swift; sourceTree = "<group>"; };
		DBFABEE72CAFE13E006ABECA /* CustomLoginCard.swift */ = {isa = PBXFileReference; lastKnownFileType = sourcecode.swift; path = CustomLoginCard.swift; sourceTree = "<group>"; };
		DBFABEE92CAFE2FC006ABECA /* CustomButton.swift */ = {isa = PBXFileReference; lastKnownFileType = sourcecode.swift; path = CustomButton.swift; sourceTree = "<group>"; };
		DBFABEEB2CAFE39F006ABECA /* CustomTextField.swift */ = {isa = PBXFileReference; lastKnownFileType = sourcecode.swift; path = CustomTextField.swift; sourceTree = "<group>"; };
		DBFABEED2CAFE756006ABECA /* LoginView.swift */ = {isa = PBXFileReference; lastKnownFileType = sourcecode.swift; path = LoginView.swift; sourceTree = "<group>"; };
		DBFABEEF2CAFE964006ABECA /* LoginViewModel.swift */ = {isa = PBXFileReference; lastKnownFileType = sourcecode.swift; path = LoginViewModel.swift; sourceTree = "<group>"; };
		DBFABEF12CB012CF006ABECA /* MainTabView.swift */ = {isa = PBXFileReference; lastKnownFileType = sourcecode.swift; path = MainTabView.swift; sourceTree = "<group>"; };
		DBFABEF32CB013F3006ABECA /* HomeView.swift */ = {isa = PBXFileReference; lastKnownFileType = sourcecode.swift; path = HomeView.swift; sourceTree = "<group>"; };
		DBFABEF52CB01690006ABECA /* ExploreView.swift */ = {isa = PBXFileReference; lastKnownFileType = sourcecode.swift; path = ExploreView.swift; sourceTree = "<group>"; };
		DBFABEF72CB016CE006ABECA /* LibraryView.swift */ = {isa = PBXFileReference; lastKnownFileType = sourcecode.swift; path = LibraryView.swift; sourceTree = "<group>"; };
		DBFABEF92CB0179E006ABECA /* ProfileView.swift */ = {isa = PBXFileReference; lastKnownFileType = sourcecode.swift; path = ProfileView.swift; sourceTree = "<group>"; };
		DBFABEFB2CB02D72006ABECA /* CustomArticleCard.swift */ = {isa = PBXFileReference; lastKnownFileType = sourcecode.swift; path = CustomArticleCard.swift; sourceTree = "<group>"; };
/* End PBXFileReference section */

/* Begin PBXFrameworksBuildPhase section */
		DB615D382CAF332F00CD1813 /* Frameworks */ = {
			isa = PBXFrameworksBuildPhase;
			buildActionMask = 2147483647;
			files = (
				DB2115F72CE71BA9008C237C /* FirebaseDatabase in Frameworks */,
				DB2115F92CE71BA9008C237C /* FirebaseFirestore in Frameworks */,
				DB2115F52CE71BA9008C237C /* FirebaseCore in Frameworks */,
				DB2115FB2CE71BA9008C237C /* FirebaseStorage in Frameworks */,
				DB2115F32CE71BA9008C237C /* FirebaseAuth in Frameworks */,
			);
			runOnlyForDeploymentPostprocessing = 0;
		};
/* End PBXFrameworksBuildPhase section */

/* Begin PBXGroup section */
		DB615D322CAF332F00CD1813 = {
			isa = PBXGroup;
			children = (
				DB615D3D2CAF332F00CD1813 /* Katha */,
				DB615D3C2CAF332F00CD1813 /* Products */,
			);
			sourceTree = "<group>";
		};
		DB615D3C2CAF332F00CD1813 /* Products */ = {
			isa = PBXGroup;
			children = (
				DB615D3B2CAF332F00CD1813 /* Katha.app */,
			);
			name = Products;
			sourceTree = "<group>";
		};
		DB615D3D2CAF332F00CD1813 /* Katha */ = {
			isa = PBXGroup;
			children = (
				DB77EF8C2CF3C0D10071F6BC /* Utils */,
				DB77EF892CF3BBFA0071F6BC /* Services */,
				DB2115EF2CE71A50008C237C /* GoogleService-Info.plist */,
				DB7EDDAE2CB04D3900556006 /* Models */,
				DBFABEE62CAFE110006ABECA /* Components */,
				DBFABECC2CAF4263006ABECA /* Info.plist */,
				DBFABEDE2CAFAF2C006ABECA /* CustomFont */,
				DBFABED92CAF446C006ABECA /* Extensions */,
				DBFABEDF2CAFBEE4006ABECA /* ViewModels */,
				DBFABEC72CAF3732006ABECA /* Views */,
				DB615D3E2CAF332F00CD1813 /* KathaApp.swift */,
				DBFABEF12CB012CF006ABECA /* MainTabView.swift */,
				DB615D402CAF332F00CD1813 /* ContentView.swift */,
				DB615D422CAF333000CD1813 /* Assets.xcassets */,
				DB615D442CAF333000CD1813 /* Preview Content */,
			);
			path = Katha;
			sourceTree = "<group>";
		};
		DB615D442CAF333000CD1813 /* Preview Content */ = {
			isa = PBXGroup;
			children = (
				DB615D452CAF333000CD1813 /* Preview Assets.xcassets */,
			);
			path = "Preview Content";
			sourceTree = "<group>";
		};
		DB77EF892CF3BBFA0071F6BC /* Services */ = {
			isa = PBXGroup;
			children = (
				DB77EF8A2CF3BC0B0071F6BC /* AuthService.swift */,
			);
			path = Services;
			sourceTree = "<group>";
		};
		DB77EF8C2CF3C0D10071F6BC /* Utils */ = {
			isa = PBXGroup;
			children = (
				DB77EF8D2CF3C0DB0071F6BC /* AuthError.swift */,
			);
			path = Utils;
			sourceTree = "<group>";
		};
		DB77EF8F2CF3C4510071F6BC /* AuthView */ = {
			isa = PBXGroup;
			children = (
				DBFABEED2CAFE756006ABECA /* LoginView.swift */,
				DBFABEE22CAFC48A006ABECA /* RegistrationView.swift */,
				DBFABEC82CAF373C006ABECA /* AuthView.swift */,
				DB77EF902CF3C4560071F6BC /* Components */,
			);
			path = AuthView;
			sourceTree = "<group>";
		};
		DB77EF902CF3C4560071F6BC /* Components */ = {
			isa = PBXGroup;
			children = (
				DB77EF912CF3C5340071F6BC /* HeaderView.swift */,
				DB77EF932CF3C5520071F6BC /* TermsView.swift */,
				DB77EF952CF3C5640071F6BC /* LoginForm.swift */,
				DB77EF972CF3C5770071F6BC /* RegistrationForm.swift */,
				DB77EF992CF3C62C0071F6BC /* BackButton.swift */,
			);
			path = Components;
			sourceTree = "<group>";
		};
		DB7EDDAE2CB04D3900556006 /* Models */ = {
			isa = PBXGroup;
			children = (
				DB7EDDAF2CB04D5600556006 /* Article.swift */,
				DB32CCEF2CB5725800AB5887 /* Author.swift */,
				DB77EF9B2CF3CA920071F6BC /* User.swift */,
			);
			path = Models;
			sourceTree = "<group>";
		};
		DBFABEC72CAF3732006ABECA /* Views */ = {
			isa = PBXGroup;
			children = (
				DB77EF8F2CF3C4510071F6BC /* AuthView */,
				DBFABEF32CB013F3006ABECA /* HomeView.swift */,
				DBFABEF52CB01690006ABECA /* ExploreView.swift */,
				DBFABEF72CB016CE006ABECA /* LibraryView.swift */,
				DBFABEF92CB0179E006ABECA /* ProfileView.swift */,
				DB32CCED2CB558F900AB5887 /* ArticleDetailView.swift */,
				DB2115ED2CE71723008C237C /* SplashScreen.swift */,
			);
			path = Views;
			sourceTree = "<group>";
		};
		DBFABED92CAF446C006ABECA /* Extensions */ = {
			isa = PBXGroup;
			children = (
				DBFABEDA2CAF4476006ABECA /* Color.swift */,
				DBFABEDC2CAF454C006ABECA /* Font.swift */,
				DB32CCF12CB5861D00AB5887 /* Date.swift */,
			);
			path = Extensions;
			sourceTree = "<group>";
		};
		DBFABEDE2CAFAF2C006ABECA /* CustomFont */ = {
			isa = PBXGroup;
			children = (
				DBFABED32CAF441C006ABECA /* Poppins-Bold.ttf */,
				DBFABED52CAF441C006ABECA /* Poppins-Medium.ttf */,
				DBFABED42CAF441C006ABECA /* Poppins-Regular.ttf */,
				DBFABECD2CAF435E006ABECA /* PlayfairDisplay-Bold.ttf */,
				DBFABECE2CAF435E006ABECA /* PlayfairDisplay-Medium.ttf */,
				DBFABECF2CAF435E006ABECA /* PlayfairDisplay-Regular.ttf */,
			);
			path = CustomFont;
			sourceTree = "<group>";
		};
		DBFABEDF2CAFBEE4006ABECA /* ViewModels */ = {
			isa = PBXGroup;
			children = (
				DBFABEE02CAFBEF1006ABECA /* AuthViewModel.swift */,
				DBFABEE42CAFC633006ABECA /* RegistrationViewModel.swift */,
				DBFABEEF2CAFE964006ABECA /* LoginViewModel.swift */,
			);
			path = ViewModels;
			sourceTree = "<group>";
		};
		DBFABEE62CAFE110006ABECA /* Components */ = {
			isa = PBXGroup;
			children = (
				DBFABEE72CAFE13E006ABECA /* CustomLoginCard.swift */,
				DBFABEE92CAFE2FC006ABECA /* CustomButton.swift */,
				DBFABEEB2CAFE39F006ABECA /* CustomTextField.swift */,
				DBFABEFB2CB02D72006ABECA /* CustomArticleCard.swift */,
				DB8BF9E82CF2EE2800622F5F /* CustomSecureField.swift */,
			);
			path = Components;
			sourceTree = "<group>";
		};
/* End PBXGroup section */

/* Begin PBXNativeTarget section */
		DB615D3A2CAF332F00CD1813 /* Katha */ = {
			isa = PBXNativeTarget;
			buildConfigurationList = DB615D492CAF333000CD1813 /* Build configuration list for PBXNativeTarget "Katha" */;
			buildPhases = (
				DB615D372CAF332F00CD1813 /* Sources */,
				DB615D382CAF332F00CD1813 /* Frameworks */,
				DB615D392CAF332F00CD1813 /* Resources */,
			);
			buildRules = (
			);
			dependencies = (
			);
			name = Katha;
			packageProductDependencies = (
				DB2115F22CE71BA9008C237C /* FirebaseAuth */,
				DB2115F42CE71BA9008C237C /* FirebaseCore */,
				DB2115F62CE71BA9008C237C /* FirebaseDatabase */,
				DB2115F82CE71BA9008C237C /* FirebaseFirestore */,
				DB2115FA2CE71BA9008C237C /* FirebaseStorage */,
			);
			productName = Katha;
			productReference = DB615D3B2CAF332F00CD1813 /* Katha.app */;
			productType = "com.apple.product-type.application";
		};
/* End PBXNativeTarget section */

/* Begin PBXProject section */
		DB615D332CAF332F00CD1813 /* Project object */ = {
			isa = PBXProject;
			attributes = {
				BuildIndependentTargetsInParallel = 1;
				LastSwiftUpdateCheck = 1540;
				LastUpgradeCheck = 1540;
				TargetAttributes = {
					DB615D3A2CAF332F00CD1813 = {
						CreatedOnToolsVersion = 15.4;
					};
				};
			};
			buildConfigurationList = DB615D362CAF332F00CD1813 /* Build configuration list for PBXProject "Katha" */;
			compatibilityVersion = "Xcode 14.0";
			developmentRegion = en;
			hasScannedForEncodings = 0;
			knownRegions = (
				en,
				Base,
			);
			mainGroup = DB615D322CAF332F00CD1813;
			packageReferences = (
				DB2115F12CE71BA9008C237C /* XCRemoteSwiftPackageReference "firebase-ios-sdk" */,
			);
			productRefGroup = DB615D3C2CAF332F00CD1813 /* Products */;
			projectDirPath = "";
			projectRoot = "";
			targets = (
				DB615D3A2CAF332F00CD1813 /* Katha */,
			);
		};
/* End PBXProject section */

/* Begin PBXResourcesBuildPhase section */
		DB615D392CAF332F00CD1813 /* Resources */ = {
			isa = PBXResourcesBuildPhase;
			buildActionMask = 2147483647;
			files = (
				DBFABED02CAF435E006ABECA /* PlayfairDisplay-Bold.ttf in Resources */,
				DBFABED62CAF441C006ABECA /* Poppins-Bold.ttf in Resources */,
				DB2115F02CE71A50008C237C /* GoogleService-Info.plist in Resources */,
				DBFABED72CAF441C006ABECA /* Poppins-Regular.ttf in Resources */,
				DBFABED12CAF435E006ABECA /* PlayfairDisplay-Medium.ttf in Resources */,
				DBFABED22CAF435E006ABECA /* PlayfairDisplay-Regular.ttf in Resources */,
				DBFABED82CAF441C006ABECA /* Poppins-Medium.ttf in Resources */,
				DB615D462CAF333000CD1813 /* Preview Assets.xcassets in Resources */,
				DB615D432CAF333000CD1813 /* Assets.xcassets in Resources */,
			);
			runOnlyForDeploymentPostprocessing = 0;
		};
/* End PBXResourcesBuildPhase section */

/* Begin PBXSourcesBuildPhase section */
		DB615D372CAF332F00CD1813 /* Sources */ = {
			isa = PBXSourcesBuildPhase;
			buildActionMask = 2147483647;
			files = (
				DB77EF942CF3C5520071F6BC /* TermsView.swift in Sources */,
				DB2115EE2CE71723008C237C /* SplashScreen.swift in Sources */,
				DB32CCF22CB5861D00AB5887 /* Date.swift in Sources */,
				DBFABEE82CAFE13E006ABECA /* CustomLoginCard.swift in Sources */,
				DB77EF982CF3C5770071F6BC /* RegistrationForm.swift in Sources */,
				DBFABEEC2CAFE39F006ABECA /* CustomTextField.swift in Sources */,
				DBFABEC92CAF373C006ABECA /* AuthView.swift in Sources */,
				DB32CCEE2CB558F900AB5887 /* ArticleDetailView.swift in Sources */,
				DBFABEF42CB013F3006ABECA /* HomeView.swift in Sources */,
				DB7EDDB02CB04D5600556006 /* Article.swift in Sources */,
				DBFABEDB2CAF4476006ABECA /* Color.swift in Sources */,
				DBFABEE12CAFBEF1006ABECA /* AuthViewModel.swift in Sources */,
				DBFABEF62CB01690006ABECA /* ExploreView.swift in Sources */,
				DBFABEEA2CAFE2FC006ABECA /* CustomButton.swift in Sources */,
				DBFABEFC2CB02D72006ABECA /* CustomArticleCard.swift in Sources */,
				DBFABEEE2CAFE756006ABECA /* LoginView.swift in Sources */,
				DBFABEF82CB016CE006ABECA /* LibraryView.swift in Sources */,
				DBFABEFA2CB0179E006ABECA /* ProfileView.swift in Sources */,
				DBFABEE32CAFC48A006ABECA /* RegistrationView.swift in Sources */,
				DBFABEF02CAFE964006ABECA /* LoginViewModel.swift in Sources */,
				DBFABEDD2CAF454C006ABECA /* Font.swift in Sources */,
				DB77EF8E2CF3C0DB0071F6BC /* AuthError.swift in Sources */,
				DB77EF8B2CF3BC0B0071F6BC /* AuthService.swift in Sources */,
				DBFABEE52CAFC633006ABECA /* RegistrationViewModel.swift in Sources */,
				DB77EF9A2CF3C62C0071F6BC /* BackButton.swift in Sources */,
				DB32CCF02CB5725800AB5887 /* Author.swift in Sources */,
				DBFABEF22CB012CF006ABECA /* MainTabView.swift in Sources */,
				DB77EF962CF3C5640071F6BC /* LoginForm.swift in Sources */,
				DB8BF9E92CF2EE2800622F5F /* CustomSecureField.swift in Sources */,
				DB615D412CAF332F00CD1813 /* ContentView.swift in Sources */,
				DB615D3F2CAF332F00CD1813 /* KathaApp.swift in Sources */,
				DB77EF922CF3C5340071F6BC /* HeaderView.swift in Sources */,
				DB77EF9C2CF3CA920071F6BC /* User.swift in Sources */,
			);
			runOnlyForDeploymentPostprocessing = 0;
		};
/* End PBXSourcesBuildPhase section */

/* Begin XCBuildConfiguration section */
		DB615D472CAF333000CD1813 /* Debug */ = {
			isa = XCBuildConfiguration;
			buildSettings = {
				ALWAYS_SEARCH_USER_PATHS = NO;
				ASSETCATALOG_COMPILER_GENERATE_SWIFT_ASSET_SYMBOL_EXTENSIONS = YES;
				CLANG_ANALYZER_NONNULL = YES;
				CLANG_ANALYZER_NUMBER_OBJECT_CONVERSION = YES_AGGRESSIVE;
				CLANG_CXX_LANGUAGE_STANDARD = "gnu++20";
				CLANG_ENABLE_MODULES = YES;
				CLANG_ENABLE_OBJC_ARC = YES;
				CLANG_ENABLE_OBJC_WEAK = YES;
				CLANG_WARN_BLOCK_CAPTURE_AUTORELEASING = YES;
				CLANG_WARN_BOOL_CONVERSION = YES;
				CLANG_WARN_COMMA = YES;
				CLANG_WARN_CONSTANT_CONVERSION = YES;
				CLANG_WARN_DEPRECATED_OBJC_IMPLEMENTATIONS = YES;
				CLANG_WARN_DIRECT_OBJC_ISA_USAGE = YES_ERROR;
				CLANG_WARN_DOCUMENTATION_COMMENTS = YES;
				CLANG_WARN_EMPTY_BODY = YES;
				CLANG_WARN_ENUM_CONVERSION = YES;
				CLANG_WARN_INFINITE_RECURSION = YES;
				CLANG_WARN_INT_CONVERSION = YES;
				CLANG_WARN_NON_LITERAL_NULL_CONVERSION = YES;
				CLANG_WARN_OBJC_IMPLICIT_RETAIN_SELF = YES;
				CLANG_WARN_OBJC_LITERAL_CONVERSION = YES;
				CLANG_WARN_OBJC_ROOT_CLASS = YES_ERROR;
				CLANG_WARN_QUOTED_INCLUDE_IN_FRAMEWORK_HEADER = YES;
				CLANG_WARN_RANGE_LOOP_ANALYSIS = YES;
				CLANG_WARN_STRICT_PROTOTYPES = YES;
				CLANG_WARN_SUSPICIOUS_MOVE = YES;
				CLANG_WARN_UNGUARDED_AVAILABILITY = YES_AGGRESSIVE;
				CLANG_WARN_UNREACHABLE_CODE = YES;
				CLANG_WARN__DUPLICATE_METHOD_MATCH = YES;
				COPY_PHASE_STRIP = NO;
				DEBUG_INFORMATION_FORMAT = dwarf;
				ENABLE_STRICT_OBJC_MSGSEND = YES;
				ENABLE_TESTABILITY = YES;
				ENABLE_USER_SCRIPT_SANDBOXING = YES;
				GCC_C_LANGUAGE_STANDARD = gnu17;
				GCC_DYNAMIC_NO_PIC = NO;
				GCC_NO_COMMON_BLOCKS = YES;
				GCC_OPTIMIZATION_LEVEL = 0;
				GCC_PREPROCESSOR_DEFINITIONS = (
					"DEBUG=1",
					"$(inherited)",
				);
				GCC_WARN_64_TO_32_BIT_CONVERSION = YES;
				GCC_WARN_ABOUT_RETURN_TYPE = YES_ERROR;
				GCC_WARN_UNDECLARED_SELECTOR = YES;
				GCC_WARN_UNINITIALIZED_AUTOS = YES_AGGRESSIVE;
				GCC_WARN_UNUSED_FUNCTION = YES;
				GCC_WARN_UNUSED_VARIABLE = YES;
				IPHONEOS_DEPLOYMENT_TARGET = 17.5;
				LOCALIZATION_PREFERS_STRING_CATALOGS = YES;
				MTL_ENABLE_DEBUG_INFO = INCLUDE_SOURCE;
				MTL_FAST_MATH = YES;
				ONLY_ACTIVE_ARCH = YES;
				SDKROOT = iphoneos;
				SWIFT_ACTIVE_COMPILATION_CONDITIONS = "DEBUG $(inherited)";
				SWIFT_OPTIMIZATION_LEVEL = "-Onone";
			};
			name = Debug;
		};
		DB615D482CAF333000CD1813 /* Release */ = {
			isa = XCBuildConfiguration;
			buildSettings = {
				ALWAYS_SEARCH_USER_PATHS = NO;
				ASSETCATALOG_COMPILER_GENERATE_SWIFT_ASSET_SYMBOL_EXTENSIONS = YES;
				CLANG_ANALYZER_NONNULL = YES;
				CLANG_ANALYZER_NUMBER_OBJECT_CONVERSION = YES_AGGRESSIVE;
				CLANG_CXX_LANGUAGE_STANDARD = "gnu++20";
				CLANG_ENABLE_MODULES = YES;
				CLANG_ENABLE_OBJC_ARC = YES;
				CLANG_ENABLE_OBJC_WEAK = YES;
				CLANG_WARN_BLOCK_CAPTURE_AUTORELEASING = YES;
				CLANG_WARN_BOOL_CONVERSION = YES;
				CLANG_WARN_COMMA = YES;
				CLANG_WARN_CONSTANT_CONVERSION = YES;
				CLANG_WARN_DEPRECATED_OBJC_IMPLEMENTATIONS = YES;
				CLANG_WARN_DIRECT_OBJC_ISA_USAGE = YES_ERROR;
				CLANG_WARN_DOCUMENTATION_COMMENTS = YES;
				CLANG_WARN_EMPTY_BODY = YES;
				CLANG_WARN_ENUM_CONVERSION = YES;
				CLANG_WARN_INFINITE_RECURSION = YES;
				CLANG_WARN_INT_CONVERSION = YES;
				CLANG_WARN_NON_LITERAL_NULL_CONVERSION = YES;
				CLANG_WARN_OBJC_IMPLICIT_RETAIN_SELF = YES;
				CLANG_WARN_OBJC_LITERAL_CONVERSION = YES;
				CLANG_WARN_OBJC_ROOT_CLASS = YES_ERROR;
				CLANG_WARN_QUOTED_INCLUDE_IN_FRAMEWORK_HEADER = YES;
				CLANG_WARN_RANGE_LOOP_ANALYSIS = YES;
				CLANG_WARN_STRICT_PROTOTYPES = YES;
				CLANG_WARN_SUSPICIOUS_MOVE = YES;
				CLANG_WARN_UNGUARDED_AVAILABILITY = YES_AGGRESSIVE;
				CLANG_WARN_UNREACHABLE_CODE = YES;
				CLANG_WARN__DUPLICATE_METHOD_MATCH = YES;
				COPY_PHASE_STRIP = NO;
				DEBUG_INFORMATION_FORMAT = "dwarf-with-dsym";
				ENABLE_NS_ASSERTIONS = NO;
				ENABLE_STRICT_OBJC_MSGSEND = YES;
				ENABLE_USER_SCRIPT_SANDBOXING = YES;
				GCC_C_LANGUAGE_STANDARD = gnu17;
				GCC_NO_COMMON_BLOCKS = YES;
				GCC_WARN_64_TO_32_BIT_CONVERSION = YES;
				GCC_WARN_ABOUT_RETURN_TYPE = YES_ERROR;
				GCC_WARN_UNDECLARED_SELECTOR = YES;
				GCC_WARN_UNINITIALIZED_AUTOS = YES_AGGRESSIVE;
				GCC_WARN_UNUSED_FUNCTION = YES;
				GCC_WARN_UNUSED_VARIABLE = YES;
				IPHONEOS_DEPLOYMENT_TARGET = 17.5;
				LOCALIZATION_PREFERS_STRING_CATALOGS = YES;
				MTL_ENABLE_DEBUG_INFO = NO;
				MTL_FAST_MATH = YES;
				SDKROOT = iphoneos;
				SWIFT_COMPILATION_MODE = wholemodule;
				VALIDATE_PRODUCT = YES;
			};
			name = Release;
		};
		DB615D4A2CAF333000CD1813 /* Debug */ = {
			isa = XCBuildConfiguration;
			buildSettings = {
				ASSETCATALOG_COMPILER_APPICON_NAME = AppIcon;
				ASSETCATALOG_COMPILER_GLOBAL_ACCENT_COLOR_NAME = AccentColor;
				CODE_SIGN_STYLE = Automatic;
				CURRENT_PROJECT_VERSION = 1;
				DEVELOPMENT_ASSET_PATHS = "\"Katha/Preview Content\"";
				ENABLE_PREVIEWS = YES;
				GENERATE_INFOPLIST_FILE = YES;
				INFOPLIST_FILE = Katha/Info.plist;
				INFOPLIST_KEY_UIApplicationSceneManifest_Generation = YES;
				INFOPLIST_KEY_UIApplicationSupportsIndirectInputEvents = YES;
				INFOPLIST_KEY_UILaunchScreen_Generation = YES;
				INFOPLIST_KEY_UISupportedInterfaceOrientations_iPad = "UIInterfaceOrientationPortrait UIInterfaceOrientationPortraitUpsideDown UIInterfaceOrientationLandscapeLeft UIInterfaceOrientationLandscapeRight";
				INFOPLIST_KEY_UISupportedInterfaceOrientations_iPhone = "UIInterfaceOrientationPortrait UIInterfaceOrientationLandscapeLeft UIInterfaceOrientationLandscapeRight";
				LD_RUNPATH_SEARCH_PATHS = (
					"$(inherited)",
					"@executable_path/Frameworks",
				);
				MARKETING_VERSION = 1.0;
				PRODUCT_BUNDLE_IDENTIFIER = np.com.shishirrijal.Katha;
				PRODUCT_NAME = "$(TARGET_NAME)";
				SWIFT_EMIT_LOC_STRINGS = YES;
				SWIFT_VERSION = 5.0;
				TARGETED_DEVICE_FAMILY = "1,2";
			};
			name = Debug;
		};
		DB615D4B2CAF333000CD1813 /* Release */ = {
			isa = XCBuildConfiguration;
			buildSettings = {
				ASSETCATALOG_COMPILER_APPICON_NAME = AppIcon;
				ASSETCATALOG_COMPILER_GLOBAL_ACCENT_COLOR_NAME = AccentColor;
				CODE_SIGN_STYLE = Automatic;
				CURRENT_PROJECT_VERSION = 1;
				DEVELOPMENT_ASSET_PATHS = "\"Katha/Preview Content\"";
				ENABLE_PREVIEWS = YES;
				GENERATE_INFOPLIST_FILE = YES;
				INFOPLIST_FILE = Katha/Info.plist;
				INFOPLIST_KEY_UIApplicationSceneManifest_Generation = YES;
				INFOPLIST_KEY_UIApplicationSupportsIndirectInputEvents = YES;
				INFOPLIST_KEY_UILaunchScreen_Generation = YES;
				INFOPLIST_KEY_UISupportedInterfaceOrientations_iPad = "UIInterfaceOrientationPortrait UIInterfaceOrientationPortraitUpsideDown UIInterfaceOrientationLandscapeLeft UIInterfaceOrientationLandscapeRight";
				INFOPLIST_KEY_UISupportedInterfaceOrientations_iPhone = "UIInterfaceOrientationPortrait UIInterfaceOrientationLandscapeLeft UIInterfaceOrientationLandscapeRight";
				LD_RUNPATH_SEARCH_PATHS = (
					"$(inherited)",
					"@executable_path/Frameworks",
				);
				MARKETING_VERSION = 1.0;
				PRODUCT_BUNDLE_IDENTIFIER = np.com.shishirrijal.Katha;
				PRODUCT_NAME = "$(TARGET_NAME)";
				SWIFT_EMIT_LOC_STRINGS = YES;
				SWIFT_VERSION = 5.0;
				TARGETED_DEVICE_FAMILY = "1,2";
			};
			name = Release;
		};
/* End XCBuildConfiguration section */

/* Begin XCConfigurationList section */
		DB615D362CAF332F00CD1813 /* Build configuration list for PBXProject "Katha" */ = {
			isa = XCConfigurationList;
			buildConfigurations = (
				DB615D472CAF333000CD1813 /* Debug */,
				DB615D482CAF333000CD1813 /* Release */,
			);
			defaultConfigurationIsVisible = 0;
			defaultConfigurationName = Release;
		};
		DB615D492CAF333000CD1813 /* Build configuration list for PBXNativeTarget "Katha" */ = {
			isa = XCConfigurationList;
			buildConfigurations = (
				DB615D4A2CAF333000CD1813 /* Debug */,
				DB615D4B2CAF333000CD1813 /* Release */,
			);
			defaultConfigurationIsVisible = 0;
			defaultConfigurationName = Release;
		};
/* End XCConfigurationList section */

/* Begin XCRemoteSwiftPackageReference section */
		DB2115F12CE71BA9008C237C /* XCRemoteSwiftPackageReference "firebase-ios-sdk" */ = {
			isa = XCRemoteSwiftPackageReference;
			repositoryURL = "https://github.com/firebase/firebase-ios-sdk";
			requirement = {
				kind = upToNextMajorVersion;
				minimumVersion = 11.5.0;
			};
		};
/* End XCRemoteSwiftPackageReference section */

/* Begin XCSwiftPackageProductDependency section */
		DB2115F22CE71BA9008C237C /* FirebaseAuth */ = {
			isa = XCSwiftPackageProductDependency;
			package = DB2115F12CE71BA9008C237C /* XCRemoteSwiftPackageReference "firebase-ios-sdk" */;
			productName = FirebaseAuth;
		};
		DB2115F42CE71BA9008C237C /* FirebaseCore */ = {
			isa = XCSwiftPackageProductDependency;
			package = DB2115F12CE71BA9008C237C /* XCRemoteSwiftPackageReference "firebase-ios-sdk" */;
			productName = FirebaseCore;
		};
		DB2115F62CE71BA9008C237C /* FirebaseDatabase */ = {
			isa = XCSwiftPackageProductDependency;
			package = DB2115F12CE71BA9008C237C /* XCRemoteSwiftPackageReference "firebase-ios-sdk" */;
			productName = FirebaseDatabase;
		};
		DB2115F82CE71BA9008C237C /* FirebaseFirestore */ = {
			isa = XCSwiftPackageProductDependency;
			package = DB2115F12CE71BA9008C237C /* XCRemoteSwiftPackageReference "firebase-ios-sdk" */;
			productName = FirebaseFirestore;
		};
		DB2115FA2CE71BA9008C237C /* FirebaseStorage */ = {
			isa = XCSwiftPackageProductDependency;
			package = DB2115F12CE71BA9008C237C /* XCRemoteSwiftPackageReference "firebase-ios-sdk" */;
			productName = FirebaseStorage;
		};
/* End XCSwiftPackageProductDependency section */
	};
	rootObject = DB615D332CAF332F00CD1813 /* Project object */;
}
